
Microsoft Visual Studio Solution File, Format Version 12.00
# Visual Studio Version 17
VisualStudioVersion = 17.0.31903.59
MinimumVisualStudioVersion = 10.0.40219.1
Project("{FAE04EC0-301F-11D3-BF4B-00C04F79EFBC}") = "API", "API\API.csproj", "{5AA289F8-C50F-459A-A8BF-B6F0E415B53A}"
EndProject
Global
	GlobalSection(SolutionConfigurationPlatforms) = preSolution
		Debug|Any CPU = Debug|Any CPU
		Release|Any CPU = Release|Any CPU
	EndGlobalSection
	GlobalSection(SolutionProperties) = preSolution
		HideSolutionNode = FALSE
	EndGlobalSection
	GlobalSection(ProjectConfigurationPlatforms) = postSolution
		{5AA289F8-C50F-459A-A8BF-B6F0E415B53A}.Debug|Any CPU.ActiveCfg = Debug|Any CPU
		{5AA289F8-C50F-459A-A8BF-B6F0E415B53A}.Debug|Any CPU.Build.0 = Debug|Any CPU
		{5AA289F8-C50F-459A-A8BF-B6F0E415B53A}.Release|Any CPU.ActiveCfg = Release|Any CPU
		{5AA289F8-C50F-459A-A8BF-B6F0E415B53A}.Release|Any CPU.Build.0 = Release|Any CPU
	EndGlobalSection
EndGlobal
